// !$*UTF8*$!
{
	archiveVersion = 1;
	classes = {
	};
	objectVersion = 50;
	objects = {

/* Begin PBXBuildFile section */
		BB1E15A526A07897002CF495 /* AboutDevView.swift in Sources */ = {isa = PBXBuildFile; fileRef = BB1E15A426A07897002CF495 /* AboutDevView.swift */; };
		BB1E15A726A56CD0002CF495 /* HexColor Ext.swift in Sources */ = {isa = PBXBuildFile; fileRef = BB1E15A626A56CD0002CF495 /* HexColor Ext.swift */; };
		BB1E15A926A56D0E002CF495 /* AppColorView.swift in Sources */ = {isa = PBXBuildFile; fileRef = BB1E15A826A56D0E002CF495 /* AppColorView.swift */; };
		BB1E15AB26A57D64002CF495 /* CoreDataManager.swift in Sources */ = {isa = PBXBuildFile; fileRef = BB1E15AA26A57D64002CF495 /* CoreDataManager.swift */; };
		BB1E15AD26A5824F002CF495 /* CreateChallengeViewModel.swift in Sources */ = {isa = PBXBuildFile; fileRef = BB1E15AC26A5824F002CF495 /* CreateChallengeViewModel.swift */; };
		BB1E15B026A58A87002CF495 /* RoundedFloat Ext.swift in Sources */ = {isa = PBXBuildFile; fileRef = BB1E15AF26A58A87002CF495 /* RoundedFloat Ext.swift */; };
		BB1E15B226A58A9D002CF495 /* EnvelopeAlertView.swift in Sources */ = {isa = PBXBuildFile; fileRef = BB1E15B126A58A9D002CF495 /* EnvelopeAlertView.swift */; };
		BB1E15B426A58AD6002CF495 /* ChallengeViewModel.swift in Sources */ = {isa = PBXBuildFile; fileRef = BB1E15B326A58AD6002CF495 /* ChallengeViewModel.swift */; };
		BB1E15BD26A856A1002CF495 /* SettingsViewModel.swift in Sources */ = {isa = PBXBuildFile; fileRef = BB1E15BC26A856A0002CF495 /* SettingsViewModel.swift */; };
		BB1E15C026A960F1002CF495 /* MailView.swift in Sources */ = {isa = PBXBuildFile; fileRef = BB1E15BF26A960F1002CF495 /* MailView.swift */; };
		BB1E15C226A963CF002CF495 /* TipJarView.swift in Sources */ = {isa = PBXBuildFile; fileRef = BB1E15C126A963CF002CF495 /* TipJarView.swift */; };
		BB1E15C426A97730002CF495 /* UserSettings.swift in Sources */ = {isa = PBXBuildFile; fileRef = BB1E15C326A9772F002CF495 /* UserSettings.swift */; };
		BB1E15C626AAE941002CF495 /* LocalNotificationManager.swift in Sources */ = {isa = PBXBuildFile; fileRef = BB1E15C526AAE940002CF495 /* LocalNotificationManager.swift */; };
		BBAC1E5E26B00B67002691CC /* TimePickerView.swift in Sources */ = {isa = PBXBuildFile; fileRef = BBAC1E5D26B00B67002691CC /* TimePickerView.swift */; };
		BBAC1E6326B9654E002691CC /* StoreKit.framework in Frameworks */ = {isa = PBXBuildFile; fileRef = BBAC1E6226B9654D002691CC /* StoreKit.framework */; };
		BBAC1E6526B96B0D002691CC /* IAPManager.swift in Sources */ = {isa = PBXBuildFile; fileRef = BBAC1E6426B96B0D002691CC /* IAPManager.swift */; };
		BBAC1E6726BE94B1002691CC /* OnboardingView.swift in Sources */ = {isa = PBXBuildFile; fileRef = BBAC1E6626BE94B0002691CC /* OnboardingView.swift */; };
		D25A2B6726710195003BBFFA /* EnvelopesApp.swift in Sources */ = {isa = PBXBuildFile; fileRef = D25A2B6626710195003BBFFA /* EnvelopesApp.swift */; };
		D25A2B6926710196003BBFFA /* ChallengeView.swift in Sources */ = {isa = PBXBuildFile; fileRef = D25A2B6826710196003BBFFA /* ChallengeView.swift */; };
		D25A2B6B2671019B003BBFFA /* Assets.xcassets in Resources */ = {isa = PBXBuildFile; fileRef = D25A2B6A2671019B003BBFFA /* Assets.xcassets */; };
		D25A2B6E2671019B003BBFFA /* Preview Assets.xcassets in Resources */ = {isa = PBXBuildFile; fileRef = D25A2B6D2671019B003BBFFA /* Preview Assets.xcassets */; };
		D25A2B732671019B003BBFFA /* Envelopes.xcdatamodeld in Sources */ = {isa = PBXBuildFile; fileRef = D25A2B712671019B003BBFFA /* Envelopes.xcdatamodeld */; };
		D25A2B7B2674FF99003BBFFA /* ProgressStackView.swift in Sources */ = {isa = PBXBuildFile; fileRef = D25A2B7A2674FF98003BBFFA /* ProgressStackView.swift */; };
		D260E20E27AEF0F600ADEBE7 /* AppColorTheme.swift in Sources */ = {isa = PBXBuildFile; fileRef = D260E20D27AEF0F600ADEBE7 /* AppColorTheme.swift */; };
		D260E21027AEF16E00ADEBE7 /* CreateThemeView.swift in Sources */ = {isa = PBXBuildFile; fileRef = D260E20F27AEF16E00ADEBE7 /* CreateThemeView.swift */; };
		D260E21227AFCCF500ADEBE7 /* AppearanceView.swift in Sources */ = {isa = PBXBuildFile; fileRef = D260E21127AFCCF500ADEBE7 /* AppearanceView.swift */; };
		D2A3BE4926761D030058339B /* CreateChallengeView.swift in Sources */ = {isa = PBXBuildFile; fileRef = D2A3BE4826761D030058339B /* CreateChallengeView.swift */; };
		D2A3BE4B267629520058339B /* HideKeyboard Ext.swift in Sources */ = {isa = PBXBuildFile; fileRef = D2A3BE4A267629520058339B /* HideKeyboard Ext.swift */; };
		D2C5F1F2281681C5002E5F31 /* ColorTheme Modifiers.swift in Sources */ = {isa = PBXBuildFile; fileRef = D2C5F1F1281681C5002E5F31 /* ColorTheme Modifiers.swift */; };
		D2C5F1F4281C030F002E5F31 /* EnvelopeView.swift in Sources */ = {isa = PBXBuildFile; fileRef = D2C5F1F3281C030F002E5F31 /* EnvelopeView.swift */; };
		D2C5F1F6281C032A002E5F31 /* NoChallengesView.swift in Sources */ = {isa = PBXBuildFile; fileRef = D2C5F1F5281C032A002E5F31 /* NoChallengesView.swift */; };
		D2C5F1F8281C034D002E5F31 /* SettingsButton.swift in Sources */ = {isa = PBXBuildFile; fileRef = D2C5F1F7281C034D002E5F31 /* SettingsButton.swift */; };
		D2D766D827B1A74D005C6898 /* ThemeSet+CoreDataClass.swift in Sources */ = {isa = PBXBuildFile; fileRef = D2D766D427B1A74D005C6898 /* ThemeSet+CoreDataClass.swift */; };
		D2D766D927B1A74D005C6898 /* ThemeSet+CoreDataProperties.swift in Sources */ = {isa = PBXBuildFile; fileRef = D2D766D527B1A74D005C6898 /* ThemeSet+CoreDataProperties.swift */; };
		D2D766DA27B1A74D005C6898 /* ColorSet+CoreDataClass.swift in Sources */ = {isa = PBXBuildFile; fileRef = D2D766D627B1A74D005C6898 /* ColorSet+CoreDataClass.swift */; };
		D2D766DB27B1A74D005C6898 /* ColorSet+CoreDataProperties.swift in Sources */ = {isa = PBXBuildFile; fileRef = D2D766D727B1A74D005C6898 /* ColorSet+CoreDataProperties.swift */; };
		D2D766DE27B1A856005C6898 /* Envelope+CoreDataProperties.swift in Sources */ = {isa = PBXBuildFile; fileRef = D2D766DD27B1A856005C6898 /* Envelope+CoreDataProperties.swift */; };
		D2D766E027B1A867005C6898 /* Challenge+CoreDataProperties.swift in Sources */ = {isa = PBXBuildFile; fileRef = D2D766DF27B1A867005C6898 /* Challenge+CoreDataProperties.swift */; };
		D2D766E327B1A8AC005C6898 /* Challenge+CoreDataClass.swift in Sources */ = {isa = PBXBuildFile; fileRef = D2D766E127B1A8AC005C6898 /* Challenge+CoreDataClass.swift */; };
		D2D766E427B1A8AC005C6898 /* Envelope+CoreDataClass.swift in Sources */ = {isa = PBXBuildFile; fileRef = D2D766E227B1A8AC005C6898 /* Envelope+CoreDataClass.swift */; };
		D2E59128280740D600AA99F2 /* ColorThemeViewModel.swift in Sources */ = {isa = PBXBuildFile; fileRef = D2E59127280740D600AA99F2 /* ColorThemeViewModel.swift */; };
		D2FEF00726976AC70075E397 /* SettingsView.swift in Sources */ = {isa = PBXBuildFile; fileRef = D2FEF00626976AC70075E397 /* SettingsView.swift */; };
/* End PBXBuildFile section */

/* Begin PBXFileReference section */
		BB1E15A426A07897002CF495 /* AboutDevView.swift */ = {isa = PBXFileReference; lastKnownFileType = sourcecode.swift; path = AboutDevView.swift; sourceTree = "<group>"; };
		BB1E15A626A56CD0002CF495 /* HexColor Ext.swift */ = {isa = PBXFileReference; lastKnownFileType = sourcecode.swift; path = "HexColor Ext.swift"; sourceTree = "<group>"; };
		BB1E15A826A56D0E002CF495 /* AppColorView.swift */ = {isa = PBXFileReference; lastKnownFileType = sourcecode.swift; path = AppColorView.swift; sourceTree = "<group>"; };
		BB1E15AA26A57D64002CF495 /* CoreDataManager.swift */ = {isa = PBXFileReference; lastKnownFileType = sourcecode.swift; path = CoreDataManager.swift; sourceTree = "<group>"; };
		BB1E15AC26A5824F002CF495 /* CreateChallengeViewModel.swift */ = {isa = PBXFileReference; lastKnownFileType = sourcecode.swift; path = CreateChallengeViewModel.swift; sourceTree = "<group>"; };
		BB1E15AF26A58A87002CF495 /* RoundedFloat Ext.swift */ = {isa = PBXFileReference; lastKnownFileType = sourcecode.swift; path = "RoundedFloat Ext.swift"; sourceTree = "<group>"; };
		BB1E15B126A58A9D002CF495 /* EnvelopeAlertView.swift */ = {isa = PBXFileReference; lastKnownFileType = sourcecode.swift; path = EnvelopeAlertView.swift; sourceTree = "<group>"; };
		BB1E15B326A58AD6002CF495 /* ChallengeViewModel.swift */ = {isa = PBXFileReference; lastKnownFileType = sourcecode.swift; path = ChallengeViewModel.swift; sourceTree = "<group>"; };
		BB1E15BC26A856A0002CF495 /* SettingsViewModel.swift */ = {isa = PBXFileReference; lastKnownFileType = sourcecode.swift; path = SettingsViewModel.swift; sourceTree = "<group>"; };
		BB1E15BF26A960F1002CF495 /* MailView.swift */ = {isa = PBXFileReference; lastKnownFileType = sourcecode.swift; path = MailView.swift; sourceTree = "<group>"; };
		BB1E15C126A963CF002CF495 /* TipJarView.swift */ = {isa = PBXFileReference; lastKnownFileType = sourcecode.swift; path = TipJarView.swift; sourceTree = "<group>"; };
		BB1E15C326A9772F002CF495 /* UserSettings.swift */ = {isa = PBXFileReference; lastKnownFileType = sourcecode.swift; path = UserSettings.swift; sourceTree = "<group>"; };
		BB1E15C526AAE940002CF495 /* LocalNotificationManager.swift */ = {isa = PBXFileReference; lastKnownFileType = sourcecode.swift; path = LocalNotificationManager.swift; sourceTree = "<group>"; };
		BBAC1E5D26B00B67002691CC /* TimePickerView.swift */ = {isa = PBXFileReference; lastKnownFileType = sourcecode.swift; path = TimePickerView.swift; sourceTree = "<group>"; };
		BBAC1E6226B9654D002691CC /* StoreKit.framework */ = {isa = PBXFileReference; lastKnownFileType = wrapper.framework; name = StoreKit.framework; path = System/Library/Frameworks/StoreKit.framework; sourceTree = SDKROOT; };
		BBAC1E6426B96B0D002691CC /* IAPManager.swift */ = {isa = PBXFileReference; lastKnownFileType = sourcecode.swift; path = IAPManager.swift; sourceTree = "<group>"; };
		BBAC1E6626BE94B0002691CC /* OnboardingView.swift */ = {isa = PBXFileReference; lastKnownFileType = sourcecode.swift; path = OnboardingView.swift; sourceTree = "<group>"; };
		D25A2B6326710195003BBFFA /* Envelopes.app */ = {isa = PBXFileReference; explicitFileType = wrapper.application; includeInIndex = 0; path = Envelopes.app; sourceTree = BUILT_PRODUCTS_DIR; };
		D25A2B6626710195003BBFFA /* EnvelopesApp.swift */ = {isa = PBXFileReference; lastKnownFileType = sourcecode.swift; path = EnvelopesApp.swift; sourceTree = "<group>"; };
		D25A2B6826710196003BBFFA /* ChallengeView.swift */ = {isa = PBXFileReference; lastKnownFileType = sourcecode.swift; path = ChallengeView.swift; sourceTree = "<group>"; };
		D25A2B6A2671019B003BBFFA /* Assets.xcassets */ = {isa = PBXFileReference; lastKnownFileType = folder.assetcatalog; path = Assets.xcassets; sourceTree = "<group>"; };
		D25A2B6D2671019B003BBFFA /* Preview Assets.xcassets */ = {isa = PBXFileReference; lastKnownFileType = folder.assetcatalog; path = "Preview Assets.xcassets"; sourceTree = "<group>"; };
		D25A2B722671019B003BBFFA /* Envelopes.xcdatamodel */ = {isa = PBXFileReference; lastKnownFileType = wrapper.xcdatamodel; path = Envelopes.xcdatamodel; sourceTree = "<group>"; };
		D25A2B742671019C003BBFFA /* Info.plist */ = {isa = PBXFileReference; lastKnownFileType = text.plist.xml; path = Info.plist; sourceTree = "<group>"; };
		D25A2B7A2674FF98003BBFFA /* ProgressStackView.swift */ = {isa = PBXFileReference; lastKnownFileType = sourcecode.swift; path = ProgressStackView.swift; sourceTree = "<group>"; };
		D260E20D27AEF0F600ADEBE7 /* AppColorTheme.swift */ = {isa = PBXFileReference; lastKnownFileType = sourcecode.swift; path = AppColorTheme.swift; sourceTree = "<group>"; };
		D260E20F27AEF16E00ADEBE7 /* CreateThemeView.swift */ = {isa = PBXFileReference; lastKnownFileType = sourcecode.swift; path = CreateThemeView.swift; sourceTree = "<group>"; };
		D260E21127AFCCF500ADEBE7 /* AppearanceView.swift */ = {isa = PBXFileReference; lastKnownFileType = sourcecode.swift; path = AppearanceView.swift; sourceTree = "<group>"; };
		D2A3BE4826761D030058339B /* CreateChallengeView.swift */ = {isa = PBXFileReference; lastKnownFileType = sourcecode.swift; path = CreateChallengeView.swift; sourceTree = "<group>"; };
		D2A3BE4A267629520058339B /* HideKeyboard Ext.swift */ = {isa = PBXFileReference; lastKnownFileType = sourcecode.swift; path = "HideKeyboard Ext.swift"; sourceTree = "<group>"; };
		D2C5F1F1281681C5002E5F31 /* ColorTheme Modifiers.swift */ = {isa = PBXFileReference; lastKnownFileType = sourcecode.swift; path = "ColorTheme Modifiers.swift"; sourceTree = "<group>"; };
		D2C5F1F3281C030F002E5F31 /* EnvelopeView.swift */ = {isa = PBXFileReference; lastKnownFileType = sourcecode.swift; path = EnvelopeView.swift; sourceTree = "<group>"; };
		D2C5F1F5281C032A002E5F31 /* NoChallengesView.swift */ = {isa = PBXFileReference; lastKnownFileType = sourcecode.swift; path = NoChallengesView.swift; sourceTree = "<group>"; };
		D2C5F1F7281C034D002E5F31 /* SettingsButton.swift */ = {isa = PBXFileReference; lastKnownFileType = sourcecode.swift; path = SettingsButton.swift; sourceTree = "<group>"; };
		D2D766D427B1A74D005C6898 /* ThemeSet+CoreDataClass.swift */ = {isa = PBXFileReference; lastKnownFileType = sourcecode.swift; path = "ThemeSet+CoreDataClass.swift"; sourceTree = "<group>"; };
		D2D766D527B1A74D005C6898 /* ThemeSet+CoreDataProperties.swift */ = {isa = PBXFileReference; lastKnownFileType = sourcecode.swift; path = "ThemeSet+CoreDataProperties.swift"; sourceTree = "<group>"; };
		D2D766D627B1A74D005C6898 /* ColorSet+CoreDataClass.swift */ = {isa = PBXFileReference; lastKnownFileType = sourcecode.swift; path = "ColorSet+CoreDataClass.swift"; sourceTree = "<group>"; };
		D2D766D727B1A74D005C6898 /* ColorSet+CoreDataProperties.swift */ = {isa = PBXFileReference; lastKnownFileType = sourcecode.swift; path = "ColorSet+CoreDataProperties.swift"; sourceTree = "<group>"; };
		D2D766DD27B1A856005C6898 /* Envelope+CoreDataProperties.swift */ = {isa = PBXFileReference; fileEncoding = 4; lastKnownFileType = sourcecode.swift; path = "Envelope+CoreDataProperties.swift"; sourceTree = "<group>"; };
		D2D766DF27B1A867005C6898 /* Challenge+CoreDataProperties.swift */ = {isa = PBXFileReference; fileEncoding = 4; lastKnownFileType = sourcecode.swift; path = "Challenge+CoreDataProperties.swift"; sourceTree = "<group>"; };
		D2D766E127B1A8AC005C6898 /* Challenge+CoreDataClass.swift */ = {isa = PBXFileReference; fileEncoding = 4; lastKnownFileType = sourcecode.swift; path = "Challenge+CoreDataClass.swift"; sourceTree = "<group>"; };
		D2D766E227B1A8AC005C6898 /* Envelope+CoreDataClass.swift */ = {isa = PBXFileReference; fileEncoding = 4; lastKnownFileType = sourcecode.swift; path = "Envelope+CoreDataClass.swift"; sourceTree = "<group>"; };
		D2E59127280740D600AA99F2 /* ColorThemeViewModel.swift */ = {isa = PBXFileReference; lastKnownFileType = sourcecode.swift; path = ColorThemeViewModel.swift; sourceTree = "<group>"; };
		D2FEF00626976AC70075E397 /* SettingsView.swift */ = {isa = PBXFileReference; lastKnownFileType = sourcecode.swift; path = SettingsView.swift; sourceTree = "<group>"; };
/* End PBXFileReference section */

/* Begin PBXFrameworksBuildPhase section */
		D25A2B6026710195003BBFFA /* Frameworks */ = {
			isa = PBXFrameworksBuildPhase;
			buildActionMask = 2147483647;
			files = (
				BBAC1E6326B9654E002691CC /* StoreKit.framework in Frameworks */,
			);
			runOnlyForDeploymentPostprocessing = 0;
		};
/* End PBXFrameworksBuildPhase section */

/* Begin PBXGroup section */
		BB1E159B269ED88A002CF495 /* Model */ = {
			isa = PBXGroup;
			children = (
				BB1E15C326A9772F002CF495 /* UserSettings.swift */,
				BB1E15AA26A57D64002CF495 /* CoreDataManager.swift */,
				D2D766E627B1A8E2005C6898 /* CoreData ClassProperties */,
				D2D766E527B1A8C3005C6898 /* CoreData Classes */,
				D25A2B712671019B003BBFFA /* Envelopes.xcdatamodeld */,
			);
			path = Model;
			sourceTree = "<group>";
		};
		BB1E15AE26A58282002CF495 /* CreateChallengeView */ = {
			isa = PBXGroup;
			children = (
				D2A3BE4826761D030058339B /* CreateChallengeView.swift */,
				BB1E15AC26A5824F002CF495 /* CreateChallengeViewModel.swift */,
			);
			path = CreateChallengeView;
			sourceTree = "<group>";
		};
		BB1E15B526A58AFD002CF495 /* ChallengeView */ = {
			isa = PBXGroup;
			children = (
				BB1E15B126A58A9D002CF495 /* EnvelopeAlertView.swift */,
				D25A2B7A2674FF98003BBFFA /* ProgressStackView.swift */,
				D25A2B6826710196003BBFFA /* ChallengeView.swift */,
				D2C5F1F5281C032A002E5F31 /* NoChallengesView.swift */,
				D2C5F1F7281C034D002E5F31 /* SettingsButton.swift */,
				D2C5F1F3281C030F002E5F31 /* EnvelopeView.swift */,
				BB1E15B326A58AD6002CF495 /* ChallengeViewModel.swift */,
			);
			path = ChallengeView;
			sourceTree = "<group>";
		};
		BB1E15BE26A8574D002CF495 /* SettingsView */ = {
			isa = PBXGroup;
			children = (
				D2FEF00626976AC70075E397 /* SettingsView.swift */,
				BBAC1E5D26B00B67002691CC /* TimePickerView.swift */,
				BB1E15BC26A856A0002CF495 /* SettingsViewModel.swift */,
				BB1E15A826A56D0E002CF495 /* AppColorView.swift */,
				D260E20F27AEF16E00ADEBE7 /* CreateThemeView.swift */,
				D260E21127AFCCF500ADEBE7 /* AppearanceView.swift */,
				BB1E15A426A07897002CF495 /* AboutDevView.swift */,
				BB1E15C126A963CF002CF495 /* TipJarView.swift */,
				BB1E15BF26A960F1002CF495 /* MailView.swift */,
			);
			path = SettingsView;
			sourceTree = "<group>";
		};
		BBAC1E6126B9654D002691CC /* Frameworks */ = {
			isa = PBXGroup;
			children = (
				BBAC1E6226B9654D002691CC /* StoreKit.framework */,
			);
			name = Frameworks;
			sourceTree = "<group>";
		};
		D25A2B5A26710195003BBFFA = {
			isa = PBXGroup;
			children = (
				D25A2B6526710195003BBFFA /* Envelopes */,
				D25A2B6426710195003BBFFA /* Products */,
				BBAC1E6126B9654D002691CC /* Frameworks */,
			);
			sourceTree = "<group>";
		};
		D25A2B6426710195003BBFFA /* Products */ = {
			isa = PBXGroup;
			children = (
				D25A2B6326710195003BBFFA /* Envelopes.app */,
			);
			name = Products;
			sourceTree = "<group>";
		};
		D25A2B6526710195003BBFFA /* Envelopes */ = {
			isa = PBXGroup;
			children = (
				D25A2B6626710195003BBFFA /* EnvelopesApp.swift */,
				BB1E15C526AAE940002CF495 /* LocalNotificationManager.swift */,
				BBAC1E6626BE94B0002691CC /* OnboardingView.swift */,
				D2E59127280740D600AA99F2 /* ColorThemeViewModel.swift */,
				D2C5F1F1281681C5002E5F31 /* ColorTheme Modifiers.swift */,
				BB1E159B269ED88A002CF495 /* Model */,
				BB1E15BE26A8574D002CF495 /* SettingsView */,
				BB1E15B526A58AFD002CF495 /* ChallengeView */,
				BB1E15AE26A58282002CF495 /* CreateChallengeView */,
				D2A3BE4A267629520058339B /* HideKeyboard Ext.swift */,
				BB1E15A626A56CD0002CF495 /* HexColor Ext.swift */,
				BBAC1E6426B96B0D002691CC /* IAPManager.swift */,
				D260E20D27AEF0F600ADEBE7 /* AppColorTheme.swift */,
				BB1E15AF26A58A87002CF495 /* RoundedFloat Ext.swift */,
				D25A2B6A2671019B003BBFFA /* Assets.xcassets */,
				D25A2B742671019C003BBFFA /* Info.plist */,
				D25A2B6C2671019B003BBFFA /* Preview Content */,
			);
			path = Envelopes;
			sourceTree = "<group>";
		};
		D25A2B6C2671019B003BBFFA /* Preview Content */ = {
			isa = PBXGroup;
			children = (
				D25A2B6D2671019B003BBFFA /* Preview Assets.xcassets */,
			);
			path = "Preview Content";
			sourceTree = "<group>";
		};
		D2D766E527B1A8C3005C6898 /* CoreData Classes */ = {
			isa = PBXGroup;
			children = (
				D2D766E127B1A8AC005C6898 /* Challenge+CoreDataClass.swift */,
				D2D766E227B1A8AC005C6898 /* Envelope+CoreDataClass.swift */,
				D2D766D427B1A74D005C6898 /* ThemeSet+CoreDataClass.swift */,
				D2D766D627B1A74D005C6898 /* ColorSet+CoreDataClass.swift */,
			);
			path = "CoreData Classes";
			sourceTree = "<group>";
		};
		D2D766E627B1A8E2005C6898 /* CoreData ClassProperties */ = {
			isa = PBXGroup;
			children = (
				D2D766DF27B1A867005C6898 /* Challenge+CoreDataProperties.swift */,
				D2D766DD27B1A856005C6898 /* Envelope+CoreDataProperties.swift */,
				D2D766D527B1A74D005C6898 /* ThemeSet+CoreDataProperties.swift */,
				D2D766D727B1A74D005C6898 /* ColorSet+CoreDataProperties.swift */,
			);
			path = "CoreData ClassProperties";
			sourceTree = "<group>";
		};
/* End PBXGroup section */

/* Begin PBXNativeTarget section */
		D25A2B6226710195003BBFFA /* Envelopes */ = {
			isa = PBXNativeTarget;
			buildConfigurationList = D25A2B772671019C003BBFFA /* Build configuration list for PBXNativeTarget "Envelopes" */;
			buildPhases = (
				D25A2B5F26710195003BBFFA /* Sources */,
				D25A2B6026710195003BBFFA /* Frameworks */,
				D25A2B6126710195003BBFFA /* Resources */,
			);
			buildRules = (
			);
			dependencies = (
			);
			name = Envelopes;
			productName = Envelopes;
			productReference = D25A2B6326710195003BBFFA /* Envelopes.app */;
			productType = "com.apple.product-type.application";
		};
/* End PBXNativeTarget section */

/* Begin PBXProject section */
		D25A2B5B26710195003BBFFA /* Project object */ = {
			isa = PBXProject;
			attributes = {
				LastSwiftUpdateCheck = 1250;
				LastUpgradeCheck = 1250;
				TargetAttributes = {
					D25A2B6226710195003BBFFA = {
						CreatedOnToolsVersion = 12.5;
					};
				};
			};
			buildConfigurationList = D25A2B5E26710195003BBFFA /* Build configuration list for PBXProject "Envelopes" */;
			compatibilityVersion = "Xcode 9.3";
			developmentRegion = en;
			hasScannedForEncodings = 0;
			knownRegions = (
				en,
				Base,
			);
			mainGroup = D25A2B5A26710195003BBFFA;
			productRefGroup = D25A2B6426710195003BBFFA /* Products */;
			projectDirPath = "";
			projectRoot = "";
			targets = (
				D25A2B6226710195003BBFFA /* Envelopes */,
			);
		};
/* End PBXProject section */

/* Begin PBXResourcesBuildPhase section */
		D25A2B6126710195003BBFFA /* Resources */ = {
			isa = PBXResourcesBuildPhase;
			buildActionMask = 2147483647;
			files = (
				D25A2B6E2671019B003BBFFA /* Preview Assets.xcassets in Resources */,
				D25A2B6B2671019B003BBFFA /* Assets.xcassets in Resources */,
			);
			runOnlyForDeploymentPostprocessing = 0;
		};
/* End PBXResourcesBuildPhase section */

/* Begin PBXSourcesBuildPhase section */
		D25A2B5F26710195003BBFFA /* Sources */ = {
			isa = PBXSourcesBuildPhase;
			buildActionMask = 2147483647;
			files = (
				D2D766E327B1A8AC005C6898 /* Challenge+CoreDataClass.swift in Sources */,
				D2D766D927B1A74D005C6898 /* ThemeSet+CoreDataProperties.swift in Sources */,
				D25A2B6926710196003BBFFA /* ChallengeView.swift in Sources */,
				D260E21227AFCCF500ADEBE7 /* AppearanceView.swift in Sources */,
				BB1E15B226A58A9D002CF495 /* EnvelopeAlertView.swift in Sources */,
				D2D766D827B1A74D005C6898 /* ThemeSet+CoreDataClass.swift in Sources */,
				BB1E15B426A58AD6002CF495 /* ChallengeViewModel.swift in Sources */,
				D2C5F1F4281C030F002E5F31 /* EnvelopeView.swift in Sources */,
				BB1E15B026A58A87002CF495 /* RoundedFloat Ext.swift in Sources */,
				D2FEF00726976AC70075E397 /* SettingsView.swift in Sources */,
				BB1E15AD26A5824F002CF495 /* CreateChallengeViewModel.swift in Sources */,
				BB1E15A526A07897002CF495 /* AboutDevView.swift in Sources */,
				D2C5F1F8281C034D002E5F31 /* SettingsButton.swift in Sources */,
				BB1E15C226A963CF002CF495 /* TipJarView.swift in Sources */,
				D2D766DB27B1A74D005C6898 /* ColorSet+CoreDataProperties.swift in Sources */,
				BBAC1E6726BE94B1002691CC /* OnboardingView.swift in Sources */,
				D2E59128280740D600AA99F2 /* ColorThemeViewModel.swift in Sources */,
				BB1E15C426A97730002CF495 /* UserSettings.swift in Sources */,
				D25A2B6726710195003BBFFA /* EnvelopesApp.swift in Sources */,
				D2A3BE4926761D030058339B /* CreateChallengeView.swift in Sources */,
				BB1E15A726A56CD0002CF495 /* HexColor Ext.swift in Sources */,
				D260E20E27AEF0F600ADEBE7 /* AppColorTheme.swift in Sources */,
				D2C5F1F6281C032A002E5F31 /* NoChallengesView.swift in Sources */,
				BB1E15C026A960F1002CF495 /* MailView.swift in Sources */,
				D260E21027AEF16E00ADEBE7 /* CreateThemeView.swift in Sources */,
				BBAC1E6526B96B0D002691CC /* IAPManager.swift in Sources */,
				D2A3BE4B267629520058339B /* HideKeyboard Ext.swift in Sources */,
				D25A2B7B2674FF99003BBFFA /* ProgressStackView.swift in Sources */,
				D2C5F1F2281681C5002E5F31 /* ColorTheme Modifiers.swift in Sources */,
				D2D766DE27B1A856005C6898 /* Envelope+CoreDataProperties.swift in Sources */,
				D2D766E027B1A867005C6898 /* Challenge+CoreDataProperties.swift in Sources */,
				BB1E15A926A56D0E002CF495 /* AppColorView.swift in Sources */,
				BBAC1E5E26B00B67002691CC /* TimePickerView.swift in Sources */,
				BB1E15AB26A57D64002CF495 /* CoreDataManager.swift in Sources */,
				D2D766DA27B1A74D005C6898 /* ColorSet+CoreDataClass.swift in Sources */,
				BB1E15C626AAE941002CF495 /* LocalNotificationManager.swift in Sources */,
				D2D766E427B1A8AC005C6898 /* Envelope+CoreDataClass.swift in Sources */,
				D25A2B732671019B003BBFFA /* Envelopes.xcdatamodeld in Sources */,
				BB1E15BD26A856A1002CF495 /* SettingsViewModel.swift in Sources */,
			);
			runOnlyForDeploymentPostprocessing = 0;
		};
/* End PBXSourcesBuildPhase section */

/* Begin XCBuildConfiguration section */
		D25A2B752671019C003BBFFA /* Debug */ = {
			isa = XCBuildConfiguration;
			buildSettings = {
				ALWAYS_SEARCH_USER_PATHS = NO;
				CLANG_ANALYZER_NONNULL = YES;
				CLANG_ANALYZER_NUMBER_OBJECT_CONVERSION = YES_AGGRESSIVE;
				CLANG_CXX_LANGUAGE_STANDARD = "gnu++14";
				CLANG_CXX_LIBRARY = "libc++";
				CLANG_ENABLE_MODULES = YES;
				CLANG_ENABLE_OBJC_ARC = YES;
				CLANG_ENABLE_OBJC_WEAK = YES;
				CLANG_WARN_BLOCK_CAPTURE_AUTORELEASING = YES;
				CLANG_WARN_BOOL_CONVERSION = YES;
				CLANG_WARN_COMMA = YES;
				CLANG_WARN_CONSTANT_CONVERSION = YES;
				CLANG_WARN_DEPRECATED_OBJC_IMPLEMENTATIONS = YES;
				CLANG_WARN_DIRECT_OBJC_ISA_USAGE = YES_ERROR;
				CLANG_WARN_DOCUMENTATION_COMMENTS = YES;
				CLANG_WARN_EMPTY_BODY = YES;
				CLANG_WARN_ENUM_CONVERSION = YES;
				CLANG_WARN_INFINITE_RECURSION = YES;
				CLANG_WARN_INT_CONVERSION = YES;
				CLANG_WARN_NON_LITERAL_NULL_CONVERSION = YES;
				CLANG_WARN_OBJC_IMPLICIT_RETAIN_SELF = YES;
				CLANG_WARN_OBJC_LITERAL_CONVERSION = YES;
				CLANG_WARN_OBJC_ROOT_CLASS = YES_ERROR;
				CLANG_WARN_QUOTED_INCLUDE_IN_FRAMEWORK_HEADER = YES;
				CLANG_WARN_RANGE_LOOP_ANALYSIS = YES;
				CLANG_WARN_STRICT_PROTOTYPES = YES;
				CLANG_WARN_SUSPICIOUS_MOVE = YES;
				CLANG_WARN_UNGUARDED_AVAILABILITY = YES_AGGRESSIVE;
				CLANG_WARN_UNREACHABLE_CODE = YES;
				CLANG_WARN__DUPLICATE_METHOD_MATCH = YES;
				COPY_PHASE_STRIP = NO;
				DEBUG_INFORMATION_FORMAT = dwarf;
				ENABLE_STRICT_OBJC_MSGSEND = YES;
				ENABLE_TESTABILITY = YES;
				GCC_C_LANGUAGE_STANDARD = gnu11;
				GCC_DYNAMIC_NO_PIC = NO;
				GCC_NO_COMMON_BLOCKS = YES;
				GCC_OPTIMIZATION_LEVEL = 0;
				GCC_PREPROCESSOR_DEFINITIONS = (
					"DEBUG=1",
					"$(inherited)",
				);
				GCC_WARN_64_TO_32_BIT_CONVERSION = YES;
				GCC_WARN_ABOUT_RETURN_TYPE = YES_ERROR;
				GCC_WARN_UNDECLARED_SELECTOR = YES;
				GCC_WARN_UNINITIALIZED_AUTOS = YES_AGGRESSIVE;
				GCC_WARN_UNUSED_FUNCTION = YES;
				GCC_WARN_UNUSED_VARIABLE = YES;
				IPHONEOS_DEPLOYMENT_TARGET = 14.5;
				MTL_ENABLE_DEBUG_INFO = INCLUDE_SOURCE;
				MTL_FAST_MATH = YES;
				ONLY_ACTIVE_ARCH = YES;
				SDKROOT = iphoneos;
				SWIFT_ACTIVE_COMPILATION_CONDITIONS = DEBUG;
				SWIFT_OPTIMIZATION_LEVEL = "-Onone";
			};
			name = Debug;
		};
		D25A2B762671019C003BBFFA /* Release */ = {
			isa = XCBuildConfiguration;
			buildSettings = {
				ALWAYS_SEARCH_USER_PATHS = NO;
				CLANG_ANALYZER_NONNULL = YES;
				CLANG_ANALYZER_NUMBER_OBJECT_CONVERSION = YES_AGGRESSIVE;
				CLANG_CXX_LANGUAGE_STANDARD = "gnu++14";
				CLANG_CXX_LIBRARY = "libc++";
				CLANG_ENABLE_MODULES = YES;
				CLANG_ENABLE_OBJC_ARC = YES;
				CLANG_ENABLE_OBJC_WEAK = YES;
				CLANG_WARN_BLOCK_CAPTURE_AUTORELEASING = YES;
				CLANG_WARN_BOOL_CONVERSION = YES;
				CLANG_WARN_COMMA = YES;
				CLANG_WARN_CONSTANT_CONVERSION = YES;
				CLANG_WARN_DEPRECATED_OBJC_IMPLEMENTATIONS = YES;
				CLANG_WARN_DIRECT_OBJC_ISA_USAGE = YES_ERROR;
				CLANG_WARN_DOCUMENTATION_COMMENTS = YES;
				CLANG_WARN_EMPTY_BODY = YES;
				CLANG_WARN_ENUM_CONVERSION = YES;
				CLANG_WARN_INFINITE_RECURSION = YES;
				CLANG_WARN_INT_CONVERSION = YES;
				CLANG_WARN_NON_LITERAL_NULL_CONVERSION = YES;
				CLANG_WARN_OBJC_IMPLICIT_RETAIN_SELF = YES;
				CLANG_WARN_OBJC_LITERAL_CONVERSION = YES;
				CLANG_WARN_OBJC_ROOT_CLASS = YES_ERROR;
				CLANG_WARN_QUOTED_INCLUDE_IN_FRAMEWORK_HEADER = YES;
				CLANG_WARN_RANGE_LOOP_ANALYSIS = YES;
				CLANG_WARN_STRICT_PROTOTYPES = YES;
				CLANG_WARN_SUSPICIOUS_MOVE = YES;
				CLANG_WARN_UNGUARDED_AVAILABILITY = YES_AGGRESSIVE;
				CLANG_WARN_UNREACHABLE_CODE = YES;
				CLANG_WARN__DUPLICATE_METHOD_MATCH = YES;
				COPY_PHASE_STRIP = NO;
				DEBUG_INFORMATION_FORMAT = "dwarf-with-dsym";
				ENABLE_NS_ASSERTIONS = NO;
				ENABLE_STRICT_OBJC_MSGSEND = YES;
				GCC_C_LANGUAGE_STANDARD = gnu11;
				GCC_NO_COMMON_BLOCKS = YES;
				GCC_WARN_64_TO_32_BIT_CONVERSION = YES;
				GCC_WARN_ABOUT_RETURN_TYPE = YES_ERROR;
				GCC_WARN_UNDECLARED_SELECTOR = YES;
				GCC_WARN_UNINITIALIZED_AUTOS = YES_AGGRESSIVE;
				GCC_WARN_UNUSED_FUNCTION = YES;
				GCC_WARN_UNUSED_VARIABLE = YES;
				IPHONEOS_DEPLOYMENT_TARGET = 14.5;
				MTL_ENABLE_DEBUG_INFO = NO;
				MTL_FAST_MATH = YES;
				SDKROOT = iphoneos;
				SWIFT_COMPILATION_MODE = wholemodule;
				SWIFT_OPTIMIZATION_LEVEL = "-O";
				VALIDATE_PRODUCT = YES;
			};
			name = Release;
		};
		D25A2B782671019C003BBFFA /* Debug */ = {
			isa = XCBuildConfiguration;
			buildSettings = {
				ASSETCATALOG_COMPILER_APPICON_NAME = AppIcon;
				ASSETCATALOG_COMPILER_GLOBAL_ACCENT_COLOR_NAME = AccentColor;
				CODE_SIGN_STYLE = Automatic;
				CURRENT_PROJECT_VERSION = 1;
				DEVELOPMENT_ASSET_PATHS = "\"Envelopes/Preview Content\"";
				DEVELOPMENT_TEAM = 7367KKMU64;
				ENABLE_PREVIEWS = YES;
				INFOPLIST_FILE = Envelopes/Info.plist;
				IPHONEOS_DEPLOYMENT_TARGET = 14.0;
				LD_RUNPATH_SEARCH_PATHS = (
					"$(inherited)",
					"@executable_path/Frameworks",
				);
				MARKETING_VERSION = 1.02;
				PRODUCT_BUNDLE_IDENTIFIER = mishak.envelopesapp;
				PRODUCT_NAME = "$(TARGET_NAME)";
				SWIFT_VERSION = 5.0;
				TARGETED_DEVICE_FAMILY = 1;
			};
			name = Debug;
		};
		D25A2B792671019C003BBFFA /* Release */ = {
			isa = XCBuildConfiguration;
			buildSettings = {
				ASSETCATALOG_COMPILER_APPICON_NAME = AppIcon;
				ASSETCATALOG_COMPILER_GLOBAL_ACCENT_COLOR_NAME = AccentColor;
				CODE_SIGN_STYLE = Automatic;
				CURRENT_PROJECT_VERSION = 1;
				DEVELOPMENT_ASSET_PATHS = "\"Envelopes/Preview Content\"";
				DEVELOPMENT_TEAM = 7367KKMU64;
				ENABLE_PREVIEWS = YES;
				INFOPLIST_FILE = Envelopes/Info.plist;
				IPHONEOS_DEPLOYMENT_TARGET = 14.0;
				LD_RUNPATH_SEARCH_PATHS = (
					"$(inherited)",
					"@executable_path/Frameworks",
				);
				MARKETING_VERSION = 1.02;
				PRODUCT_BUNDLE_IDENTIFIER = mishak.envelopesapp;
				PRODUCT_NAME = "$(TARGET_NAME)";
				SWIFT_VERSION = 5.0;
				TARGETED_DEVICE_FAMILY = 1;
			};
			name = Release;
		};
/* End XCBuildConfiguration section */

/* Begin XCConfigurationList section */
		D25A2B5E26710195003BBFFA /* Build configuration list for PBXProject "Envelopes" */ = {
			isa = XCConfigurationList;
			buildConfigurations = (
				D25A2B752671019C003BBFFA /* Debug */,
				D25A2B762671019C003BBFFA /* Release */,
			);
			defaultConfigurationIsVisible = 0;
			defaultConfigurationName = Release;
		};
		D25A2B772671019C003BBFFA /* Build configuration list for PBXNativeTarget "Envelopes" */ = {
			isa = XCConfigurationList;
			buildConfigurations = (
				D25A2B782671019C003BBFFA /* Debug */,
				D25A2B792671019C003BBFFA /* Release */,
			);
			defaultConfigurationIsVisible = 0;
			defaultConfigurationName = Release;
		};
/* End XCConfigurationList section */

/* Begin XCVersionGroup section */
		D25A2B712671019B003BBFFA /* Envelopes.xcdatamodeld */ = {
			isa = XCVersionGroup;
			children = (
				D25A2B722671019B003BBFFA /* Envelopes.xcdatamodel */,
			);
			currentVersion = D25A2B722671019B003BBFFA /* Envelopes.xcdatamodel */;
			path = Envelopes.xcdatamodeld;
			sourceTree = "<group>";
			versionGroupType = wrapper.xcdatamodel;
		};
/* End XCVersionGroup section */
	};
	rootObject = D25A2B5B26710195003BBFFA /* Project object */;
}
